
Microsoft Visual Studio Solution File, Format Version 12.00
# Visual Studio Version 17
VisualStudioVersion = 17.0.31903.59
MinimumVisualStudioVersion = 10.0.40219.1
Project("{2150E333-8FDC-42A3-9474-1A3956D46DE8}") = "src", "src", "{EF9EBF76-BD65-4466-9586-36870C3864A7}"
EndProject
Project("{FAE04EC0-301F-11D3-BF4B-00C04F79EFBC}") = "Domain", "src\Domain\Domain.csproj", "{BBA9CE2B-1233-481A-A827-9985D4C976C8}"
EndProject
Project("{FAE04EC0-301F-11D3-BF4B-00C04F79EFBC}") = "Infrastructure", "src\Infrastructure\Infrastructure.csproj", "{1B4D0E41-CC3C-487D-ACD5-3815806CAC0B}"
EndProject
Global
	GlobalSection(SolutionConfigurationPlatforms) = preSolution
		Debug|Any CPU = Debug|Any CPU
		Release|Any CPU = Release|Any CPU
	EndGlobalSection
	GlobalSection(SolutionProperties) = preSolution
		HideSolutionNode = FALSE
	EndGlobalSection
	GlobalSection(ProjectConfigurationPlatforms) = postSolution
		{BBA9CE2B-1233-481A-A827-9985D4C976C8}.Debug|Any CPU.ActiveCfg = Debug|Any CPU
		{BBA9CE2B-1233-481A-A827-9985D4C976C8}.Debug|Any CPU.Build.0 = Debug|Any CPU
		{BBA9CE2B-1233-481A-A827-9985D4C976C8}.Release|Any CPU.ActiveCfg = Release|Any CPU
		{BBA9CE2B-1233-481A-A827-9985D4C976C8}.Release|Any CPU.Build.0 = Release|Any CPU
		{1B4D0E41-CC3C-487D-ACD5-3815806CAC0B}.Debug|Any CPU.ActiveCfg = Debug|Any CPU
		{1B4D0E41-CC3C-487D-ACD5-3815806CAC0B}.Debug|Any CPU.Build.0 = Debug|Any CPU
		{1B4D0E41-CC3C-487D-ACD5-3815806CAC0B}.Release|Any CPU.ActiveCfg = Release|Any CPU
		{1B4D0E41-CC3C-487D-ACD5-3815806CAC0B}.Release|Any CPU.Build.0 = Release|Any CPU
	EndGlobalSection
	GlobalSection(NestedProjects) = preSolution
		{BBA9CE2B-1233-481A-A827-9985D4C976C8} = {EF9EBF76-BD65-4466-9586-36870C3864A7}
		{1B4D0E41-CC3C-487D-ACD5-3815806CAC0B} = {EF9EBF76-BD65-4466-9586-36870C3864A7}
	EndGlobalSection
EndGlobal
